schema: '2.0'
stages:
  data_ingestion:
    cmd: python src/data_ingestion.py
    deps:
    - path: experiments/application_train.csv
      hash: md5
      md5: 793a017f41fbac1dc28176b26dbab30e
      size: 166133370
    - path: src/data_ingestion.py
      hash: md5
      md5: 89d00a255da808ce19903159873a3d59
      size: 2953
    outs:
    - path: data/raw/test.csv
      hash: md5
      md5: 48ef2987ca15e1747f10135fb5ee0c2a
      size: 33068567
    - path: data/raw/train.csv
      hash: md5
      md5: 6f1039da33ae105571ce0530c24c495a
      size: 132382432
  feature_engineering:
    cmd: python src/feature_engineering.py
    deps:
    - path: data/raw/test.csv
      hash: md5
      md5: 48ef2987ca15e1747f10135fb5ee0c2a
      size: 33068567
    - path: data/raw/train.csv
      hash: md5
      md5: 6f1039da33ae105571ce0530c24c495a
      size: 132382432
    - path: src/config/features.py
      hash: md5
      md5: f51970d9f55b8223befe888f72c7ad1b
      size: 641
    - path: src/feature_engineering.py
      hash: md5
      md5: b260e5a8c4c57283abd0f6a0f3d74172
      size: 2856
    outs:
    - path: data/selected/test.csv
      hash: md5
      md5: ead9f6ae75a38b3876c18aad5b21e851
      size: 13203992
    - path: data/selected/train.csv
      hash: md5
      md5: c386e2ff39d68dbe2068b867661363f7
      size: 52842696
  data_preprocessing:
    cmd: python src/data_preprocessing.py
    deps:
    - path: data/selected/test.csv
      hash: md5
      md5: ead9f6ae75a38b3876c18aad5b21e851
      size: 13203992
    - path: data/selected/train.csv
      hash: md5
      md5: c386e2ff39d68dbe2068b867661363f7
      size: 52842696
    - path: src/config/features.py
      hash: md5
      md5: f51970d9f55b8223befe888f72c7ad1b
      size: 641
    - path: src/data_preprocessing.py
      hash: md5
      md5: 6fe9e8f3c561a10a03b53994ab95fb34
      size: 5356
    outs:
    - path: data/processed/X_test.pkl
      hash: md5
      md5: 3c921f4d786f9d2b96fab014dce80129
      size: 17959420
    - path: data/processed/X_train.pkl
      hash: md5
      md5: be53b88715b3b766bd5308c115948cbb
      size: 71834876
    - path: data/processed/preprocessor.pkl
      hash: md5
      md5: a03aeaea4c0ef5a7eddedb487a9187a5
      size: 8775
    - path: data/processed/y_test.pkl
      hash: md5
      md5: bf8aad916c0cc3442e192ed820c4e179
      size: 984809
    - path: data/processed/y_train.pkl
      hash: md5
      md5: 146474d482162b8f06866f23aef2de86
      size: 3936915
  model_training:
    cmd: python src/model_training.py
    deps:
    - path: data/processed/X_train.pkl
      hash: md5
      md5: be53b88715b3b766bd5308c115948cbb
      size: 71834876
    - path: data/processed/y_train.pkl
      hash: md5
      md5: 146474d482162b8f06866f23aef2de86
      size: 3936915
    - path: params.yaml
      hash: md5
      md5: 6685fcea669969300451a2cd1cd92e8e
      size: 460
    - path: src/model_training.py
      hash: md5
      md5: 9e0727e6e839c7ccf455916bd549d67b
      size: 5368
    params:
      params.yaml:
        hyperparameter_tuning:
          n_iter: 20
          cv: 3
          scoring: f1
          random_state: 42
          params:
            n_estimators:
            - 100
            - 200
            - 300
            - 500
            max_depth:
            - 5
            - 7
            - 9
            learning_rate:
            - 0.01
            - 0.05
            - 0.2
            subsample:
            - 0.6
            - 0.8
            colsample_bytree:
            - 0.6
            - 0.8
            - 1.0
            scale_pos_weight:
            - 1
            - 3
            - 5
            - 11
            gamma:
            - 0
            - 0.1
            - 0.3
            - 0.5
        model:
          random_state: 42
          eval_metric: logloss
          scale_pos_weight: 11
    outs:
    - path: data/model/best_model.pkl
      hash: md5
      md5: 6a62ed1a05010649097314b7f815759a
      size: 771129
  model_evaluation:
    cmd: python src/model_evaluation.py
    deps:
    - path: data/model/best_model.pkl
      hash: md5
      md5: 6a62ed1a05010649097314b7f815759a
      size: 771129
    - path: data/processed/X_test.pkl
      hash: md5
      md5: 3c921f4d786f9d2b96fab014dce80129
      size: 17959420
    - path: data/processed/y_test.pkl
      hash: md5
      md5: bf8aad916c0cc3442e192ed820c4e179
      size: 984809
    - path: src/model_evaluation.py
      hash: md5
      md5: cfd6f6d0df9e2436596273041e43d41a
      size: 6743
    outs:
    - path: data/metrics/metrics.json
      hash: md5
      md5: 0a7361bcea3911502575ee0d48963c45
      size: 234
    - path: data/plots/precision_recall_curve.png
      hash: md5
      md5: 5f0baa7078a3e831a93f1bea99205776
      size: 89456
    - path: data/plots/roc_curve.png
      hash: md5
      md5: d13da7e8fb7c82dc0484e52d57bdbbbe
      size: 128975
